Microsoft Visual Studio Solution File, Format Version 12.00
# Visual Studio Version 17
VisualStudioVersion = 17.5.2.0
MinimumVisualStudioVersion = 10.0.40219.1
Project("{FAE04EC0-301F-11D3-BF4B-00C04F79EFBC}") = "Exercicio36", "Exercicio36.csproj", "{506A20DB-C38A-C39F-81A2-F1457ED45DB5}"
EndProject
Global
	GlobalSection(SolutionConfigurationPlatforms) = preSolution
		Debug|Any CPU = Debug|Any CPU
		Release|Any CPU = Release|Any CPU
	EndGlobalSection
	GlobalSection(ProjectConfigurationPlatforms) = postSolution
		{506A20DB-C38A-C39F-81A2-F1457ED45DB5}.Debug|Any CPU.ActiveCfg = Debug|Any CPU
		{506A20DB-C38A-C39F-81A2-F1457ED45DB5}.Debug|Any CPU.Build.0 = Debug|Any CPU
		{506A20DB-C38A-C39F-81A2-F1457ED45DB5}.Release|Any CPU.ActiveCfg = Release|Any CPU
		{506A20DB-C38A-C39F-81A2-F1457ED45DB5}.Release|Any CPU.Build.0 = Release|Any CPU
	EndGlobalSection
	GlobalSection(SolutionProperties) = preSolution
		HideSolutionNode = FALSE
	EndGlobalSection
	GlobalSection(ExtensibilityGlobals) = postSolution
		SolutionGuid = {5F877784-6FA5-46AE-88AC-30B925D528E6}
	EndGlobalSection
EndGlobal
