Microsoft Visual Studio Solution File, Format Version 12.00
# Visual Studio Version 17
VisualStudioVersion = 17.5.2.0
MinimumVisualStudioVersion = 10.0.40219.1
Project("{FAE04EC0-301F-11D3-BF4B-00C04F79EFBC}") = "Exercicio46", "Exercicio46.csproj", "{B4EE4A40-91D6-4355-F29E-31D55420A43E}"
EndProject
Global
	GlobalSection(SolutionConfigurationPlatforms) = preSolution
		Debug|Any CPU = Debug|Any CPU
		Release|Any CPU = Release|Any CPU
	EndGlobalSection
	GlobalSection(ProjectConfigurationPlatforms) = postSolution
		{B4EE4A40-91D6-4355-F29E-31D55420A43E}.Debug|Any CPU.ActiveCfg = Debug|Any CPU
		{B4EE4A40-91D6-4355-F29E-31D55420A43E}.Debug|Any CPU.Build.0 = Debug|Any CPU
		{B4EE4A40-91D6-4355-F29E-31D55420A43E}.Release|Any CPU.ActiveCfg = Release|Any CPU
		{B4EE4A40-91D6-4355-F29E-31D55420A43E}.Release|Any CPU.Build.0 = Release|Any CPU
	EndGlobalSection
	GlobalSection(SolutionProperties) = preSolution
		HideSolutionNode = FALSE
	EndGlobalSection
	GlobalSection(ExtensibilityGlobals) = postSolution
		SolutionGuid = {E23D9792-162D-4CB3-B542-7B34B2249AD8}
	EndGlobalSection
EndGlobal
