Microsoft Visual Studio Solution File, Format Version 12.00
# Visual Studio Version 17
VisualStudioVersion = 17.5.2.0
MinimumVisualStudioVersion = 10.0.40219.1
Project("{FAE04EC0-301F-11D3-BF4B-00C04F79EFBC}") = "Exercicio52", "Exercicio52.csproj", "{EF164530-8563-AA1D-BD8B-9EB5C4422763}"
EndProject
Global
	GlobalSection(SolutionConfigurationPlatforms) = preSolution
		Debug|Any CPU = Debug|Any CPU
		Release|Any CPU = Release|Any CPU
	EndGlobalSection
	GlobalSection(ProjectConfigurationPlatforms) = postSolution
		{EF164530-8563-AA1D-BD8B-9EB5C4422763}.Debug|Any CPU.ActiveCfg = Debug|Any CPU
		{EF164530-8563-AA1D-BD8B-9EB5C4422763}.Debug|Any CPU.Build.0 = Debug|Any CPU
		{EF164530-8563-AA1D-BD8B-9EB5C4422763}.Release|Any CPU.ActiveCfg = Release|Any CPU
		{EF164530-8563-AA1D-BD8B-9EB5C4422763}.Release|Any CPU.Build.0 = Release|Any CPU
	EndGlobalSection
	GlobalSection(SolutionProperties) = preSolution
		HideSolutionNode = FALSE
	EndGlobalSection
	GlobalSection(ExtensibilityGlobals) = postSolution
		SolutionGuid = {E4879D6D-77BD-439C-8A2A-7C60BF2B0248}
	EndGlobalSection
EndGlobal
