Microsoft Visual Studio Solution File, Format Version 12.00
# Visual Studio Version 17
VisualStudioVersion = 17.5.2.0
MinimumVisualStudioVersion = 10.0.40219.1
Project("{FAE04EC0-301F-11D3-BF4B-00C04F79EFBC}") = "Exercicio29", "Exercicio29.csproj", "{8D4EDF70-C6D7-AC90-DDB8-7C00563B3901}"
EndProject
Global
	GlobalSection(SolutionConfigurationPlatforms) = preSolution
		Debug|Any CPU = Debug|Any CPU
		Release|Any CPU = Release|Any CPU
	EndGlobalSection
	GlobalSection(ProjectConfigurationPlatforms) = postSolution
		{8D4EDF70-C6D7-AC90-DDB8-7C00563B3901}.Debug|Any CPU.ActiveCfg = Debug|Any CPU
		{8D4EDF70-C6D7-AC90-DDB8-7C00563B3901}.Debug|Any CPU.Build.0 = Debug|Any CPU
		{8D4EDF70-C6D7-AC90-DDB8-7C00563B3901}.Release|Any CPU.ActiveCfg = Release|Any CPU
		{8D4EDF70-C6D7-AC90-DDB8-7C00563B3901}.Release|Any CPU.Build.0 = Release|Any CPU
	EndGlobalSection
	GlobalSection(SolutionProperties) = preSolution
		HideSolutionNode = FALSE
	EndGlobalSection
	GlobalSection(ExtensibilityGlobals) = postSolution
		SolutionGuid = {2076D04A-4BB3-4EEF-A308-F134A7288E42}
	EndGlobalSection
EndGlobal
