
Microsoft Visual Studio Solution File, Format Version 12.00
# Visual Studio Version 17
VisualStudioVersion = 17.5.002.0
MinimumVisualStudioVersion = 10.0.40219.1
Project("{9A19103F-16F7-4668-BE54-9A1E7A4F7556}") = "Exercicio09", "Exercicio09.csproj", "{D5C5E3AB-E77B-43F2-81ED-C199F848AF95}"
EndProject
Global
	GlobalSection(SolutionConfigurationPlatforms) = preSolution
		Debug|Any CPU = Debug|Any CPU
		Release|Any CPU = Release|Any CPU
	EndGlobalSection
	GlobalSection(ProjectConfigurationPlatforms) = postSolution
		{D5C5E3AB-E77B-43F2-81ED-C199F848AF95}.Debug|Any CPU.ActiveCfg = Debug|Any CPU
		{D5C5E3AB-E77B-43F2-81ED-C199F848AF95}.Debug|Any CPU.Build.0 = Debug|Any CPU
		{D5C5E3AB-E77B-43F2-81ED-C199F848AF95}.Release|Any CPU.ActiveCfg = Release|Any CPU
		{D5C5E3AB-E77B-43F2-81ED-C199F848AF95}.Release|Any CPU.Build.0 = Release|Any CPU
	EndGlobalSection
	GlobalSection(SolutionProperties) = preSolution
		HideSolutionNode = FALSE
	EndGlobalSection
	GlobalSection(ExtensibilityGlobals) = postSolution
		SolutionGuid = {C2B9A147-20E7-405F-917E-332522FC159F}
	EndGlobalSection
EndGlobal
