Microsoft Visual Studio Solution File, Format Version 12.00
# Visual Studio Version 17
VisualStudioVersion = 17.5.2.0
MinimumVisualStudioVersion = 10.0.40219.1
Project("{FAE04EC0-301F-11D3-BF4B-00C04F79EFBC}") = "Exercicio53", "Exercicio53.csproj", "{7E0E8C9A-5948-0E80-4698-66DD5F9CBAE3}"
EndProject
Global
	GlobalSection(SolutionConfigurationPlatforms) = preSolution
		Debug|Any CPU = Debug|Any CPU
		Release|Any CPU = Release|Any CPU
	EndGlobalSection
	GlobalSection(ProjectConfigurationPlatforms) = postSolution
		{7E0E8C9A-5948-0E80-4698-66DD5F9CBAE3}.Debug|Any CPU.ActiveCfg = Debug|Any CPU
		{7E0E8C9A-5948-0E80-4698-66DD5F9CBAE3}.Debug|Any CPU.Build.0 = Debug|Any CPU
		{7E0E8C9A-5948-0E80-4698-66DD5F9CBAE3}.Release|Any CPU.ActiveCfg = Release|Any CPU
		{7E0E8C9A-5948-0E80-4698-66DD5F9CBAE3}.Release|Any CPU.Build.0 = Release|Any CPU
	EndGlobalSection
	GlobalSection(SolutionProperties) = preSolution
		HideSolutionNode = FALSE
	EndGlobalSection
	GlobalSection(ExtensibilityGlobals) = postSolution
		SolutionGuid = {80A705A6-A52B-47C6-84DA-C3328FAC9EC1}
	EndGlobalSection
EndGlobal
