Microsoft Visual Studio Solution File, Format Version 12.00
# Visual Studio Version 17
VisualStudioVersion = 17.5.2.0
MinimumVisualStudioVersion = 10.0.40219.1
Project("{FAE04EC0-301F-11D3-BF4B-00C04F79EFBC}") = "Exercicio31", "Exercicio31.csproj", "{0B9302CD-7D1E-0FC6-230E-0D450C5E3B84}"
EndProject
Global
	GlobalSection(SolutionConfigurationPlatforms) = preSolution
		Debug|Any CPU = Debug|Any CPU
		Release|Any CPU = Release|Any CPU
	EndGlobalSection
	GlobalSection(ProjectConfigurationPlatforms) = postSolution
		{0B9302CD-7D1E-0FC6-230E-0D450C5E3B84}.Debug|Any CPU.ActiveCfg = Debug|Any CPU
		{0B9302CD-7D1E-0FC6-230E-0D450C5E3B84}.Debug|Any CPU.Build.0 = Debug|Any CPU
		{0B9302CD-7D1E-0FC6-230E-0D450C5E3B84}.Release|Any CPU.ActiveCfg = Release|Any CPU
		{0B9302CD-7D1E-0FC6-230E-0D450C5E3B84}.Release|Any CPU.Build.0 = Release|Any CPU
	EndGlobalSection
	GlobalSection(SolutionProperties) = preSolution
		HideSolutionNode = FALSE
	EndGlobalSection
	GlobalSection(ExtensibilityGlobals) = postSolution
		SolutionGuid = {2644770C-2E15-4683-8A43-BF76971E9822}
	EndGlobalSection
EndGlobal
